
Microsoft Visual Studio Solution File, Format Version 12.00
# Visual Studio 15
VisualStudioVersion = 15.0.28010.0
MinimumVisualStudioVersion = 10.0.40219.1
Project("{FAE04EC0-301F-11D3-BF4B-00C04F79EFBC}") = "JetSpring", "JetSpring\JetSpring.csproj", "{1B8785B9-EF47-4529-9309-C69DD89AC7E1}"
EndProject
Global
	GlobalSection(SolutionConfigurationPlatforms) = preSolution
		Debug|Any CPU = Debug|Any CPU
		Release|Any CPU = Release|Any CPU
	EndGlobalSection
	GlobalSection(ProjectConfigurationPlatforms) = postSolution
		{1B8785B9-EF47-4529-9309-C69DD89AC7E1}.Debug|Any CPU.ActiveCfg = Debug|Any CPU
		{1B8785B9-EF47-4529-9309-C69DD89AC7E1}.Debug|Any CPU.Build.0 = Debug|Any CPU
		{1B8785B9-EF47-4529-9309-C69DD89AC7E1}.Release|Any CPU.ActiveCfg = Release|Any CPU
		{1B8785B9-EF47-4529-9309-C69DD89AC7E1}.Release|Any CPU.Build.0 = Release|Any CPU
	EndGlobalSection
	GlobalSection(SolutionProperties) = preSolution
		HideSolutionNode = FALSE
	EndGlobalSection
	GlobalSection(ExtensibilityGlobals) = postSolution
		SolutionGuid = {F655EF91-57AE-42F2-A632-191936E972AD}
	EndGlobalSection
EndGlobal
